PODS:
  - Bolts/Tasks (1.9.1)
  - BuddyBuildSDK (1.0.17)
  - Cache (6.0.0)
  - Charts (3.6.0):
    - Charts/Core (= 3.6.0)
  - Charts/Core (3.6.0)
  - Hero (1.5.0)
  - lottie-ios (3.2.1)
  - Mixpanel (3.6.5)
  - Mixpanel-swift (2.8.3):
    - Mixpanel-swift/Complete (= 2.8.3)
  - Mixpanel-swift/Complete (2.8.3)
  - NVActivityIndicatorView (5.1.1):
    - NVActivityIndicatorView/Base (= 5.1.1)
  - NVActivityIndicatorView/Base (5.1.1)
  - Parse (1.19.1):
    - Parse/Core (= 1.19.1)
  - Parse/Core (1.19.1):
    - Bolts/Tasks (= 1.9.1)
  - PromiseKit (6.13.1):
    - PromiseKit/CorePromise (= 6.13.1)
    - PromiseKit/Foundation (= 6.13.1)
    - PromiseKit/UIKit (= 6.13.1)
  - PromiseKit/CorePromise (6.13.1)
  - PromiseKit/Foundation (6.13.1):
    - PromiseKit/CorePromise
  - PromiseKit/UIKit (6.13.1):
    - PromiseKit/CorePromise
  - SDWebImage (5.10.4):
    - SDWebImage/Core (= 5.10.4)
  - SDWebImage/Core (5.10.4)
  - Smooth (0.1.1)
  - SwiftyJSON (5.0.0)

DEPENDENCIES:
  - BuddyBuildSDK
  - Cache
  - Charts
  - Hero
  - lottie-ios
  - Mixpanel
  - Mixpanel-swift
  - NVActivityIndicatorView
  - Parse
  - PromiseKit
  - SDWebImage
  - Smooth (from `~/Documents/GitHub/Smooth.swift`)
  - SwiftyJSON

SPEC REPOS:
  trunk:
    - Bolts
    - BuddyBuildSDK
    - Cache
    - Charts
    - Hero
    - lottie-ios
    - Mixpanel
    - Mixpanel-swift
    - NVActivityIndicatorView
    - Parse
    - PromiseKit
    - SDWebImage
    - SwiftyJSON

EXTERNAL SOURCES:
  Smooth:
    :path: "~/Documents/GitHub/Smooth.swift"

SPEC CHECKSUMS:
  Bolts: 8c1e8aab2f603387b8b9924f57d1d64f43d3ffdc
  BuddyBuildSDK: 8ae12ee721098b356a961ea7dce70ae55f93a7d2
  Cache: 4ca7e00363fca5455f26534e5607634c820ffc2d
  Charts: b1e3a1f5a1c9ba5394438ca3b91bd8c9076310af
  Hero: b7385b75e7259da62f4f85462f59a5082d66b058
  lottie-ios: 106e92eaf11fbed0a76590b4cdb9b5ec26123ff7
  Mixpanel: de8296d8568806ab17bfced0f823c908b808e1e0
  Mixpanel-swift: 947354668bf7dcaff5aaf9c64232fb5bea6ff0c7
  NVActivityIndicatorView: 1f6c5687f1171810aa27a3296814dc2d7dec3667
  Parse: e40fdb9c7d665823b7fe9865949cac9a53eb2ce7
  PromiseKit: 28fda91c973cc377875d8c0ea4f973013c05b6db
  SDWebImage: c666b97e1fa9c64b4909816a903322018f0a9c84
  Smooth: 313630fa4e58d806210038c1301281d1e1b932e3
  SwiftyJSON: 36413e04c44ee145039d332b4f4e2d3e8d6c4db7

PODFILE CHECKSUM: ed61e0ec9f2f045939723188363895259df99259

COCOAPODS: 1.11.2
